
Microsoft Visual Studio Solution File, Format Version 12.00
# Visual Studio Version 17
VisualStudioVersion = 17.6.33829.357
MinimumVisualStudioVersion = 10.0.40219.1
Project("{FAE04EC0-301F-11D3-BF4B-00C04F79EFBC}") = "CRUDWithAjax", "CRUDWithAjax.csproj", "{6133857A-7337-4B41-97FE-0897BDCE076C}"
EndProject
Project("{9A19103F-16F7-4668-BE54-9A1E7A4F7556}") = "DbLayer", "..\DbLayer\DbLayer.csproj", "{574F8F61-6C4D-4DC6-AB3F-EC5F0606C3E5}"
EndProject
Global
	GlobalSection(SolutionConfigurationPlatforms) = preSolution
		Debug|Any CPU = Debug|Any CPU
		Release|Any CPU = Release|Any CPU
	EndGlobalSection
	GlobalSection(ProjectConfigurationPlatforms) = postSolution
		{6133857A-7337-4B41-97FE-0897BDCE076C}.Debug|Any CPU.ActiveCfg = Debug|Any CPU
		{6133857A-7337-4B41-97FE-0897BDCE076C}.Debug|Any CPU.Build.0 = Debug|Any CPU
		{6133857A-7337-4B41-97FE-0897BDCE076C}.Release|Any CPU.ActiveCfg = Release|Any CPU
		{6133857A-7337-4B41-97FE-0897BDCE076C}.Release|Any CPU.Build.0 = Release|Any CPU
		{574F8F61-6C4D-4DC6-AB3F-EC5F0606C3E5}.Debug|Any CPU.ActiveCfg = Debug|Any CPU
		{574F8F61-6C4D-4DC6-AB3F-EC5F0606C3E5}.Debug|Any CPU.Build.0 = Debug|Any CPU
		{574F8F61-6C4D-4DC6-AB3F-EC5F0606C3E5}.Release|Any CPU.ActiveCfg = Release|Any CPU
		{574F8F61-6C4D-4DC6-AB3F-EC5F0606C3E5}.Release|Any CPU.Build.0 = Release|Any CPU
	EndGlobalSection
	GlobalSection(SolutionProperties) = preSolution
		HideSolutionNode = FALSE
	EndGlobalSection
	GlobalSection(ExtensibilityGlobals) = postSolution
		SolutionGuid = {133A27BE-D84B-4C3D-B904-3CEA83FAA24D}
	EndGlobalSection
EndGlobal
