
Microsoft Visual Studio Solution File, Format Version 12.00
# Visual Studio Version 17
VisualStudioVersion = 17.4.33122.133
MinimumVisualStudioVersion = 10.0.40219.1
Project("{9A19103F-16F7-4668-BE54-9A1E7A4F7556}") = "Automapper", "Automapper.csproj", "{4705C0A9-9FB6-4068-BDEC-43DE7AFEA967}"
EndProject
Global
	GlobalSection(SolutionConfigurationPlatforms) = preSolution
		Debug|Any CPU = Debug|Any CPU
		Release|Any CPU = Release|Any CPU
	EndGlobalSection
	GlobalSection(ProjectConfigurationPlatforms) = postSolution
		{4705C0A9-9FB6-4068-BDEC-43DE7AFEA967}.Debug|Any CPU.ActiveCfg = Debug|Any CPU
		{4705C0A9-9FB6-4068-BDEC-43DE7AFEA967}.Debug|Any CPU.Build.0 = Debug|Any CPU
		{4705C0A9-9FB6-4068-BDEC-43DE7AFEA967}.Release|Any CPU.ActiveCfg = Release|Any CPU
		{4705C0A9-9FB6-4068-BDEC-43DE7AFEA967}.Release|Any CPU.Build.0 = Release|Any CPU
	EndGlobalSection
	GlobalSection(SolutionProperties) = preSolution
		HideSolutionNode = FALSE
	EndGlobalSection
	GlobalSection(ExtensibilityGlobals) = postSolution
		SolutionGuid = {EEADCE9C-1AEE-45B5-A04D-7BE8CA7CBA78}
	EndGlobalSection
EndGlobal
