
Microsoft Visual Studio Solution File, Format Version 12.00
# Visual Studio Version 17
VisualStudioVersion = 17.8.34309.116
MinimumVisualStudioVersion = 10.0.40219.1
Project("{FAE04EC0-301F-11D3-BF4B-00C04F79EFBC}") = "WebMVCTest", "WebMVCTest.csproj", "{E1977F72-3E96-4739-9814-8C7871F09080}"
EndProject
Global
	GlobalSection(SolutionConfigurationPlatforms) = preSolution
		Debug|Any CPU = Debug|Any CPU
		Release|Any CPU = Release|Any CPU
	EndGlobalSection
	GlobalSection(ProjectConfigurationPlatforms) = postSolution
		{E1977F72-3E96-4739-9814-8C7871F09080}.Debug|Any CPU.ActiveCfg = Debug|Any CPU
		{E1977F72-3E96-4739-9814-8C7871F09080}.Debug|Any CPU.Build.0 = Debug|Any CPU
		{E1977F72-3E96-4739-9814-8C7871F09080}.Release|Any CPU.ActiveCfg = Release|Any CPU
		{E1977F72-3E96-4739-9814-8C7871F09080}.Release|Any CPU.Build.0 = Release|Any CPU
	EndGlobalSection
	GlobalSection(SolutionProperties) = preSolution
		HideSolutionNode = FALSE
	EndGlobalSection
	GlobalSection(ExtensibilityGlobals) = postSolution
		SolutionGuid = {8EBC3FF6-D55D-4A23-B8A4-34CF69412497}
	EndGlobalSection
EndGlobal
